
Microsoft Visual Studio Solution File, Format Version 12.00
# Visual Studio Version 16
VisualStudioVersion = 16.0.29306.81
MinimumVisualStudioVersion = 10.0.40219.1
Project("{FAE04EC0-301F-11D3-BF4B-00C04F79EFBC}") = "RolXServer", "RolXServer\RolXServer.csproj", "{D5548545-42D4-45B5-AF1C-2CE724B54A5B}"
EndProject
Global
	GlobalSection(SolutionConfigurationPlatforms) = preSolution
		Debug|Any CPU = Debug|Any CPU
		Release|Any CPU = Release|Any CPU
	EndGlobalSection
	GlobalSection(ProjectConfigurationPlatforms) = postSolution
		{D5548545-42D4-45B5-AF1C-2CE724B54A5B}.Debug|Any CPU.ActiveCfg = Debug|Any CPU
		{D5548545-42D4-45B5-AF1C-2CE724B54A5B}.Debug|Any CPU.Build.0 = Debug|Any CPU
		{D5548545-42D4-45B5-AF1C-2CE724B54A5B}.Release|Any CPU.ActiveCfg = Release|Any CPU
		{D5548545-42D4-45B5-AF1C-2CE724B54A5B}.Release|Any CPU.Build.0 = Release|Any CPU
	EndGlobalSection
	GlobalSection(SolutionProperties) = preSolution
		HideSolutionNode = FALSE
	EndGlobalSection
	GlobalSection(ExtensibilityGlobals) = postSolution
		SolutionGuid = {41FF3B84-122A-4DA5-932D-C099BE28611C}
	EndGlobalSection
EndGlobal
