{
  "version": 1,
  "dependencies": {
    "net6.0": {
      "FluentValidation.AspNetCore": {
        "type": "Direct",
        "requested": "[10.3.6, )",
        "resolved": "10.3.6",
        "contentHash": "xUgEjm+aqQPiVyZHmIq1HCShjlu17Rm1iV6yuL9CFWAl9YPvMxJL7vB+A1CqFUeWsx3LH8fM8ivA/5q5jPmcJg==",
        "dependencies": {
          "FluentValidation": "10.3.6",
          "FluentValidation.DependencyInjectionExtensions": "10.3.6"
        }
      },
      "Google.Apis.Auth": {
        "type": "Direct",
        "requested": "[1.55.0, )",
        "resolved": "1.55.0",
        "contentHash": "YPHAgzqsU3j/CiPjb2GSvZo2kHhVkFsdfrqA8X5CUWxlwfivcvSn3N5Hi995r4vpGRNmyXNiWZOXbFKps03bmg==",
        "dependencies": {
          "Google.Apis": "1.55.0",
          "Google.Apis.Core": "1.55.0"
        }
      },
      "Microsoft.AspNetCore.Authentication.JwtBearer": {
        "type": "Direct",
        "requested": "[6.0.1, )",
        "resolved": "6.0.1",
        "contentHash": "5LDZ36RYl/31dRl807Ad1WV3GwaYprYyPu6+pjTkjpjsv/e2wIs7/VMtcp04RKIjO9oANcvCahZWX1zpH2+tHg==",
        "dependencies": {
          "Microsoft.IdentityModel.Protocols.OpenIdConnect": "6.10.0"
        }
      },
      "Microsoft.EntityFrameworkCore.Design": {
        "type": "Direct",
        "requested": "[6.0.1, )",
        "resolved": "6.0.1",
        "contentHash": "odZLopaluipZXgJxue4VbBXe9YoTOOmg324rkyr0XqXWR7DSdWy5Mi0+99OvsOmvl6LxEqK4IOgNnycB+oF3pQ==",
        "dependencies": {
          "Humanizer.Core": "2.8.26",
          "Microsoft.EntityFrameworkCore.Relational": "6.0.1"
        }
      },
      "Npgsql.EntityFrameworkCore.PostgreSQL": {
        "type": "Direct",
        "requested": "[6.0.3, )",
        "resolved": "6.0.3",
        "contentHash": "4FJ4ww7EdMKlg0Bdug783V5+OVTczu7HF1ra7FOWin/3w1v/EplVGXUQlW/4JPVloe6nnsnvmfzKCY4JiHspHw==",
        "dependencies": {
          "Microsoft.EntityFrameworkCore": "6.0.1",
          "Microsoft.EntityFrameworkCore.Abstractions": "6.0.1",
          "Microsoft.EntityFrameworkCore.Relational": "6.0.1",
          "Npgsql": "6.0.3"
        }
      },
      "StyleCop.Analyzers.Unstable": {
        "type": "Direct",
        "requested": "[1.2.0.406, )",
        "resolved": "1.2.0.406",
        "contentHash": "FclNdBR81ynIo9l1QNlo+l0I/PaFIYaPQPlMram8XVIMh6G6G43KTa1aCxfwTj13uKlAJS/LhLy6KjOPOeAU4w=="
      },
      "System.IdentityModel.Tokens.Jwt": {
        "type": "Direct",
        "requested": "[6.15.1, )",
        "resolved": "6.15.1",
        "contentHash": "q3ZLyWmpX4+jW4XITf7Axd+9sC6w2NrQaKcQQT9A8waoknHgaNwSeookpUmPMQDqS0afT9Lh0JYub196vzuzbA==",
        "dependencies": {
          "Microsoft.IdentityModel.JsonWebTokens": "6.15.1",
          "Microsoft.IdentityModel.Tokens": "6.15.1"
        }
      },
      "FluentValidation": {
        "type": "Transitive",
        "resolved": "10.3.6",
        "contentHash": "iMd370ZDx6ydm8t7bIFdRbSKX0e42lpvCtifUSbTSXOk5iKjmgl7HU0PXBhIWQAyIRi3gCwfMI9luj8H6K+byw=="
      },
      "FluentValidation.DependencyInjectionExtensions": {
        "type": "Transitive",
        "resolved": "10.3.6",
        "contentHash": "yMwmbr+sHP/VLRQPTBVcgbJmtP5PGmxzNsqVX7FccDRwDB2edP8XsXWLNTZ4UwrslU1qQUD07BNQLDh7WXzpNw==",
        "dependencies": {
          "FluentValidation": "10.3.6",
          "Microsoft.Extensions.Dependencyinjection.Abstractions": "2.1.0"
        }
      },
      "Google.Apis": {
        "type": "Transitive",
        "resolved": "1.55.0",
        "contentHash": "siw3M6VOFbkrTlOTo7F89BrdDFQw/XVks8qo4xDMXwGpwKpCt0KWENYs7N2RWFznJghlrmPuZ6Sx13vvYqrynA==",
        "dependencies": {
          "Google.Apis.Core": "1.55.0"
        }
      },
      "Google.Apis.Core": {
        "type": "Transitive",
        "resolved": "1.55.0",
        "contentHash": "QX6pmjRxZYgyGFqsa7tyxdjoEb6ssJ9lv6ub8AxhPd/BCMEglmqzW4GpsuKQZaRg9Qq9gp9HRzjCiLZ3RgmNgw==",
        "dependencies": {
          "Newtonsoft.Json": "13.0.1"
        }
      },
      "Humanizer.Core": {
        "type": "Transitive",
        "resolved": "2.8.26",
        "contentHash": "OiKusGL20vby4uDEswj2IgkdchC1yQ6rwbIkZDVBPIR6al2b7n3pC91elBul9q33KaBgRKhbZH3+2Ur4fnWx2A=="
      },
      "Microsoft.CSharp": {
        "type": "Transitive",
        "resolved": "4.5.0",
        "contentHash": "kaj6Wb4qoMuH3HySFJhxwQfe8R/sJsNJnANrvv8WdFPMoNbKY5htfNscv+LHCu5ipz+49m2e+WQXpLXr9XYemQ=="
      },
      "Microsoft.EntityFrameworkCore": {
        "type": "Transitive",
        "resolved": "6.0.1",
        "contentHash": "UmZBVaRbOgtbYkp4x8W9j8HBd7ywzPRPj5StSiqFt/nsH6nOf1eQmHFfjIRb70cxsuC0NbkFBAAoUHFRCscCKA==",
        "dependencies": {
          "Microsoft.EntityFrameworkCore.Abstractions": "6.0.1",
          "Microsoft.EntityFrameworkCore.Analyzers": "6.0.1",
          "Microsoft.Extensions.Caching.Memory": "6.0.0",
          "Microsoft.Extensions.DependencyInjection": "6.0.0",
          "Microsoft.Extensions.Logging": "6.0.0",
          "System.Collections.Immutable": "6.0.0",
          "System.Diagnostics.DiagnosticSource": "6.0.0"
        }
      },
      "Microsoft.EntityFrameworkCore.Abstractions": {
        "type": "Transitive",
        "resolved": "6.0.1",
        "contentHash": "JM55+h9Ln9MZAFikvmgrmDoIt4Zz9ZWZpNrmyi9QTVuJMzQQOEnJkISKp5Ebvpno6Jt00Gkrfmvu8K5mFPO+dA=="
      },
      "Microsoft.EntityFrameworkCore.Analyzers": {
        "type": "Transitive",
        "resolved": "6.0.1",
        "contentHash": "fp8VTLv1up7EGAa9Daf+IErpq63hiKtWeApoxgnkMjURdjkbVcwaA4AozwHjEqVVQugGqwroHes4HVp24cDDAw=="
      },
      "Microsoft.EntityFrameworkCore.Relational": {
        "type": "Transitive",
        "resolved": "6.0.1",
        "contentHash": "abaCEEeeB0xlMYDD+m9kmhQh5aipJ5s3UbyQVBfMaZeCiZHXST0eWuJRX63E3e7K/mju5WEHiybV/hizng7q/w==",
        "dependencies": {
          "Microsoft.EntityFrameworkCore": "6.0.1",
          "Microsoft.Extensions.Configuration.Abstractions": "6.0.0"
        }
      },
      "Microsoft.Extensions.Caching.Abstractions": {
        "type": "Transitive",
        "resolved": "6.0.0",
        "contentHash": "bcz5sSFJbganH0+YrfvIjJDIcKNW7TL07C4d1eTmXy/wOt52iz4LVogJb6pazs7W0+74j0YpXFErvp++Aq5Bsw==",
        "dependencies": {
          "Microsoft.Extensions.Primitives": "6.0.0"
        }
      },
      "Microsoft.Extensions.Caching.Memory": {
        "type": "Transitive",
        "resolved": "6.0.0",
        "contentHash": "Ve3BlCzhAlVp5IgO3+8dacAhZk1A0GlIlFNkAcfR2TfAibLKWIt5DhVJZfu4YtW+XZ89OjYf/agMcgjDtPxdGA==",
        "dependencies": {
          "Microsoft.Extensions.Caching.Abstractions": "6.0.0",
          "Microsoft.Extensions.DependencyInjection.Abstractions": "6.0.0",
          "Microsoft.Extensions.Logging.Abstractions": "6.0.0",
          "Microsoft.Extensions.Options": "6.0.0",
          "Microsoft.Extensions.Primitives": "6.0.0"
        }
      },
      "Microsoft.Extensions.Configuration.Abstractions": {
        "type": "Transitive",
        "resolved": "6.0.0",
        "contentHash": "qWzV9o+ZRWq+pGm+1dF+R7qTgTYoXvbyowRoBxQJGfqTpqDun2eteerjRQhq5PQ/14S+lqto3Ft4gYaRyl4rdQ==",
        "dependencies": {
          "Microsoft.Extensions.Primitives": "6.0.0"
        }
      },
      "Microsoft.Extensions.DependencyInjection": {
        "type": "Transitive",
        "resolved": "6.0.0",
        "contentHash": "k6PWQMuoBDGGHOQTtyois2u4AwyVcIwL2LaSLlTZQm2CYcJ1pxbt6jfAnpWmzENA/wfrYRI/X9DTLoUkE4AsLw==",
        "dependencies": {
          "Microsoft.Extensions.DependencyInjection.Abstractions": "6.0.0",
          "System.Runtime.CompilerServices.Unsafe": "6.0.0"
        }
      },
      "Microsoft.Extensions.DependencyInjection.Abstractions": {
        "type": "Transitive",
        "resolved": "6.0.0",
        "contentHash": "xlzi2IYREJH3/m6+lUrQlujzX8wDitm4QGnUu6kUXTQAWPuZY8i+ticFJbzfqaetLA6KR/rO6Ew/HuYD+bxifg=="
      },
      "Microsoft.Extensions.Logging": {
        "type": "Transitive",
        "resolved": "6.0.0",
        "contentHash": "eIbyj40QDg1NDz0HBW0S5f3wrLVnKWnDJ/JtZ+yJDFnDj90VoPuoPmFkeaXrtu+0cKm5GRAwoDf+dBWXK0TUdg==",
        "dependencies": {
          "Microsoft.Extensions.DependencyInjection": "6.0.0",
          "Microsoft.Extensions.DependencyInjection.Abstractions": "6.0.0",
          "Microsoft.Extensions.Logging.Abstractions": "6.0.0",
          "Microsoft.Extensions.Options": "6.0.0",
          "System.Diagnostics.DiagnosticSource": "6.0.0"
        }
      },
      "Microsoft.Extensions.Logging.Abstractions": {
        "type": "Transitive",
        "resolved": "6.0.0",
        "contentHash": "/HggWBbTwy8TgebGSX5DBZ24ndhzi93sHUBDvP1IxbZD7FDokYzdAr6+vbWGjw2XAfR2EJ1sfKUotpjHnFWPxA=="
      },
      "Microsoft.Extensions.Options": {
        "type": "Transitive",
        "resolved": "6.0.0",
        "contentHash": "dzXN0+V1AyjOe2xcJ86Qbo233KHuLEY0njf/P2Kw8SfJU+d45HNS2ctJdnEnrWbM9Ye2eFgaC5Mj9otRMU6IsQ==",
        "dependencies": {
          "Microsoft.Extensions.DependencyInjection.Abstractions": "6.0.0",
          "Microsoft.Extensions.Primitives": "6.0.0"
        }
      },
      "Microsoft.Extensions.Primitives": {
        "type": "Transitive",
        "resolved": "6.0.0",
        "contentHash": "9+PnzmQFfEFNR9J2aDTfJGGupShHjOuGw4VUv+JB044biSHrnmCIMD+mJHmb2H7YryrfBEXDurxQ47gJZdCKNQ==",
        "dependencies": {
          "System.Runtime.CompilerServices.Unsafe": "6.0.0"
        }
      },
      "Microsoft.IdentityModel.JsonWebTokens": {
        "type": "Transitive",
        "resolved": "6.15.1",
        "contentHash": "X5K/Pt02agb1V+khh5u7Q8hg02IVTshxV5owpR7UdQ9zfs0+A6qzca0F9jyv3o8SlOjEFHBabs+5cp7Noofzvg==",
        "dependencies": {
          "Microsoft.IdentityModel.Tokens": "6.15.1"
        }
      },
      "Microsoft.IdentityModel.Logging": {
        "type": "Transitive",
        "resolved": "6.15.1",
        "contentHash": "PpZHL/Bt/8vQ8g/6LxweuI1EusV0ogUBYnGM+bPeL/SG89gx2n05xKNE/U5JNEkLFLL+sk7O8T7c/PXhFtUtUg=="
      },
      "Microsoft.IdentityModel.Protocols": {
        "type": "Transitive",
        "resolved": "6.10.0",
        "contentHash": "DFyXD0xylP+DknCT3hzJ7q/Q5qRNu0hO/gCU90O0ATdR0twZmlcuY9RNYaaDofXKVbzcShYNCFCGle2G/o8mkg==",
        "dependencies": {
          "Microsoft.IdentityModel.Logging": "6.10.0",
          "Microsoft.IdentityModel.Tokens": "6.10.0"
        }
      },
      "Microsoft.IdentityModel.Protocols.OpenIdConnect": {
        "type": "Transitive",
        "resolved": "6.10.0",
        "contentHash": "LVvMXAWPbPeEWTylDrxunlHH2wFyE4Mv0L4gZrJHC4HTESbWHquKZb/y/S8jgiQEDycOP0PDQvbG4RR/tr2TVQ==",
        "dependencies": {
          "Microsoft.IdentityModel.Protocols": "6.10.0",
          "System.IdentityModel.Tokens.Jwt": "6.10.0"
        }
      },
      "Microsoft.IdentityModel.Tokens": {
        "type": "Transitive",
        "resolved": "6.15.1",
        "contentHash": "0bd0ocKuNai0/GdhboIW37R6z8I0vFqlmiPeG055SJxPPJ7dfBo2tjJ3bPV9vjFCRDuusj24dldOsg4hWui6iw==",
        "dependencies": {
          "Microsoft.CSharp": "4.5.0",
          "Microsoft.IdentityModel.Logging": "6.15.1",
          "System.Security.Cryptography.Cng": "4.5.0"
        }
      },
      "Newtonsoft.Json": {
        "type": "Transitive",
        "resolved": "13.0.1",
        "contentHash": "ppPFpBcvxdsfUonNcvITKqLl3bqxWbDCZIzDWHzjpdAHRFfZe0Dw9HmA0+za13IdyrgJwpkDTDA9fHaxOrt20A=="
      },
      "Npgsql": {
        "type": "Transitive",
        "resolved": "6.0.3",
        "contentHash": "yt/3XFRhHsJ01a4+qHM9+0mtitQ3DY2wJLyGP9vtvZa1cB1nSAw762GJGdSX3Bbc7wZKzeo4dc4drD3yvQe7gA==",
        "dependencies": {
          "System.Runtime.CompilerServices.Unsafe": "6.0.0"
        }
      },
      "System.Collections.Immutable": {
        "type": "Transitive",
        "resolved": "6.0.0",
        "contentHash": "l4zZJ1WU2hqpQQHXz1rvC3etVZN+2DLmQMO79FhOTZHMn8tDRr+WU287sbomD0BETlmKDn0ygUgVy9k5xkkJdA==",
        "dependencies": {
          "System.Runtime.CompilerServices.Unsafe": "6.0.0"
        }
      },
      "System.Diagnostics.DiagnosticSource": {
        "type": "Transitive",
        "resolved": "6.0.0",
        "contentHash": "frQDfv0rl209cKm1lnwTgFPzNigy2EKk1BS3uAvHvlBVKe5cymGyHO+Sj+NLv5VF/AhHsqPIUUwya5oV4CHMUw==",
        "dependencies": {
          "System.Runtime.CompilerServices.Unsafe": "6.0.0"
        }
      },
      "System.Runtime.CompilerServices.Unsafe": {
        "type": "Transitive",
        "resolved": "6.0.0",
        "contentHash": "/iUeP3tq1S0XdNNoMz5C9twLSrM/TH+qElHkXWaPvuNOt+99G75NrV0OS2EqHx5wMN7popYjpc8oTjC1y16DLg=="
      },
      "System.Security.Cryptography.Cng": {
        "type": "Transitive",
        "resolved": "4.5.0",
        "contentHash": "WG3r7EyjUe9CMPFSs6bty5doUqT+q9pbI80hlNzo2SkPkZ4VTuZkGWjpp77JB8+uaL4DFPRdBsAY+DX3dBK92A=="
      }
    }
  }
}